
Microsoft Visual Studio Solution File, Format Version 12.00
# Visual Studio Version 16
VisualStudioVersion = 16.0.31410.357
MinimumVisualStudioVersion = 10.0.40219.1
Project("{FAE04EC0-301F-11D3-BF4B-00C04F79EFBC}") = "inputAssignment", "inputAssignment.csproj", "{6E386D9D-38DE-42FF-874C-ECB82EE7F5F9}"
EndProject
Global
	GlobalSection(SolutionConfigurationPlatforms) = preSolution
		Debug|Any CPU = Debug|Any CPU
		Release|Any CPU = Release|Any CPU
	EndGlobalSection
	GlobalSection(ProjectConfigurationPlatforms) = postSolution
		{6E386D9D-38DE-42FF-874C-ECB82EE7F5F9}.Debug|Any CPU.ActiveCfg = Debug|Any CPU
		{6E386D9D-38DE-42FF-874C-ECB82EE7F5F9}.Debug|Any CPU.Build.0 = Debug|Any CPU
		{6E386D9D-38DE-42FF-874C-ECB82EE7F5F9}.Release|Any CPU.ActiveCfg = Release|Any CPU
		{6E386D9D-38DE-42FF-874C-ECB82EE7F5F9}.Release|Any CPU.Build.0 = Release|Any CPU
	EndGlobalSection
	GlobalSection(SolutionProperties) = preSolution
		HideSolutionNode = FALSE
	EndGlobalSection
	GlobalSection(ExtensibilityGlobals) = postSolution
		SolutionGuid = {7F7DFA73-CD5B-4922-B79D-99541951994F}
	EndGlobalSection
EndGlobal
