
Microsoft Visual Studio Solution File, Format Version 12.00
# Visual Studio Version 16
VisualStudioVersion = 16.0.31410.357
MinimumVisualStudioVersion = 10.0.40219.1
Project("{FAE04EC0-301F-11D3-BF4B-00C04F79EFBC}") = "Daily_Report", "Daily_Report.csproj", "{CDEDC7E1-8288-4748-B589-A3A62E2AC104}"
EndProject
Global
	GlobalSection(SolutionConfigurationPlatforms) = preSolution
		Debug|Any CPU = Debug|Any CPU
		Release|Any CPU = Release|Any CPU
	EndGlobalSection
	GlobalSection(ProjectConfigurationPlatforms) = postSolution
		{CDEDC7E1-8288-4748-B589-A3A62E2AC104}.Debug|Any CPU.ActiveCfg = Debug|Any CPU
		{CDEDC7E1-8288-4748-B589-A3A62E2AC104}.Debug|Any CPU.Build.0 = Debug|Any CPU
		{CDEDC7E1-8288-4748-B589-A3A62E2AC104}.Release|Any CPU.ActiveCfg = Release|Any CPU
		{CDEDC7E1-8288-4748-B589-A3A62E2AC104}.Release|Any CPU.Build.0 = Release|Any CPU
	EndGlobalSection
	GlobalSection(SolutionProperties) = preSolution
		HideSolutionNode = FALSE
	EndGlobalSection
	GlobalSection(ExtensibilityGlobals) = postSolution
		SolutionGuid = {74EE97B5-6405-41EE-B04B-851AE45396D5}
	EndGlobalSection
EndGlobal
