
Microsoft Visual Studio Solution File, Format Version 12.00
# Visual Studio Version 16
VisualStudioVersion = 16.0.31410.357
MinimumVisualStudioVersion = 10.0.40219.1
Project("{FAE04EC0-301F-11D3-BF4B-00C04F79EFBC}") = "Accounting_Assignment", "Accounting_Assignment.csproj", "{8AE929E9-EE7B-4E54-814F-507CF4F950D3}"
EndProject
Global
	GlobalSection(SolutionConfigurationPlatforms) = preSolution
		Debug|Any CPU = Debug|Any CPU
		Release|Any CPU = Release|Any CPU
	EndGlobalSection
	GlobalSection(ProjectConfigurationPlatforms) = postSolution
		{8AE929E9-EE7B-4E54-814F-507CF4F950D3}.Debug|Any CPU.ActiveCfg = Debug|Any CPU
		{8AE929E9-EE7B-4E54-814F-507CF4F950D3}.Debug|Any CPU.Build.0 = Debug|Any CPU
		{8AE929E9-EE7B-4E54-814F-507CF4F950D3}.Release|Any CPU.ActiveCfg = Release|Any CPU
		{8AE929E9-EE7B-4E54-814F-507CF4F950D3}.Release|Any CPU.Build.0 = Release|Any CPU
	EndGlobalSection
	GlobalSection(SolutionProperties) = preSolution
		HideSolutionNode = FALSE
	EndGlobalSection
	GlobalSection(ExtensibilityGlobals) = postSolution
		SolutionGuid = {F9C4B980-0295-4EC9-B3A4-D399602C353F}
	EndGlobalSection
EndGlobal
