
Microsoft Visual Studio Solution File, Format Version 12.00
# Visual Studio Version 16
VisualStudioVersion = 16.0.31410.357
MinimumVisualStudioVersion = 10.0.40219.1
Project("{FAE04EC0-301F-11D3-BF4B-00C04F79EFBC}") = "enumAssignment", "enumAssignment.csproj", "{77AB5E75-8C7B-40FF-87B9-269B39A29BA0}"
EndProject
Global
	GlobalSection(SolutionConfigurationPlatforms) = preSolution
		Debug|Any CPU = Debug|Any CPU
		Release|Any CPU = Release|Any CPU
	EndGlobalSection
	GlobalSection(ProjectConfigurationPlatforms) = postSolution
		{77AB5E75-8C7B-40FF-87B9-269B39A29BA0}.Debug|Any CPU.ActiveCfg = Debug|Any CPU
		{77AB5E75-8C7B-40FF-87B9-269B39A29BA0}.Debug|Any CPU.Build.0 = Debug|Any CPU
		{77AB5E75-8C7B-40FF-87B9-269B39A29BA0}.Release|Any CPU.ActiveCfg = Release|Any CPU
		{77AB5E75-8C7B-40FF-87B9-269B39A29BA0}.Release|Any CPU.Build.0 = Release|Any CPU
	EndGlobalSection
	GlobalSection(SolutionProperties) = preSolution
		HideSolutionNode = FALSE
	EndGlobalSection
	GlobalSection(ExtensibilityGlobals) = postSolution
		SolutionGuid = {D38FBD95-BA4D-4DAB-9797-5625153F9605}
	EndGlobalSection
EndGlobal
