
Microsoft Visual Studio Solution File, Format Version 12.00
# Visual Studio Version 16
VisualStudioVersion = 16.0.31410.357
MinimumVisualStudioVersion = 10.0.40219.1
Project("{FAE04EC0-301F-11D3-BF4B-00C04F79EFBC}") = "methodAndObjectsAssignment", "methodAndObjectsAssignment.csproj", "{B98E8275-F4AF-4DC9-8B5E-C513AD7DF044}"
EndProject
Global
	GlobalSection(SolutionConfigurationPlatforms) = preSolution
		Debug|Any CPU = Debug|Any CPU
		Release|Any CPU = Release|Any CPU
	EndGlobalSection
	GlobalSection(ProjectConfigurationPlatforms) = postSolution
		{B98E8275-F4AF-4DC9-8B5E-C513AD7DF044}.Debug|Any CPU.ActiveCfg = Debug|Any CPU
		{B98E8275-F4AF-4DC9-8B5E-C513AD7DF044}.Debug|Any CPU.Build.0 = Debug|Any CPU
		{B98E8275-F4AF-4DC9-8B5E-C513AD7DF044}.Release|Any CPU.ActiveCfg = Release|Any CPU
		{B98E8275-F4AF-4DC9-8B5E-C513AD7DF044}.Release|Any CPU.Build.0 = Release|Any CPU
	EndGlobalSection
	GlobalSection(SolutionProperties) = preSolution
		HideSolutionNode = FALSE
	EndGlobalSection
	GlobalSection(ExtensibilityGlobals) = postSolution
		SolutionGuid = {1054256B-E5E0-4837-A55F-2BBD5860C58E}
	EndGlobalSection
EndGlobal
